
Microsoft Visual Studio Solution File, Format Version 12.00
Project("{FAE04EC0-301F-11D3-BF4B-00C04F79EFBC}") = "ROLAP", "ROLAP\ROLAP.csproj", "{4E736AE3-B7BA-41E4-BD01-C5A0F9538412}"
EndProject
Project("{FAE04EC0-301F-11D3-BF4B-00C04F79EFBC}") = "ROLAP.Process", "ROLAP.Process\ROLAP.Process.csproj", "{D9D45621-8579-44BF-BD58-E1F1DB0CBC0D}"
EndProject
Project("{FAE04EC0-301F-11D3-BF4B-00C04F79EFBC}") = "ROLAP.QueryProcessor", "ROLAP.QueryProcessor\ROLAP.QueryProcessor.csproj", "{103F6697-B188-4806-95B1-D26B7014D6DC}"
EndProject
Project("{FAE04EC0-301F-11D3-BF4B-00C04F79EFBC}") = "ROLAP.Core.Models", "ROLAP.Core.Models\ROLAP.Core.Models.csproj", "{9FAF6399-9D06-49AF-9037-0DFEE31E08E4}"
EndProject
Project("{FAE04EC0-301F-11D3-BF4B-00C04F79EFBC}") = "ROLAP.Loaders", "ROLAP.Loaders\ROLAP.Loaders.csproj", "{49E1B1A7-D520-40E8-8E96-6C3A8B1EB5F1}"
EndProject
Project("{FAE04EC0-301F-11D3-BF4B-00C04F79EFBC}") = "ROLAP.Configuration", "ROLAP.Configuration\ROLAP.Configuration.csproj", "{8D0BDF98-04C5-4A08-ABEF-7A88CFC9159C}"
EndProject
Project("{FAE04EC0-301F-11D3-BF4B-00C04F79EFBC}") = "ROLAP.Models", "ROLAP.Models\ROLAP.Models.csproj", "{67FCBB13-8F75-4F52-9D16-7EBC1A8FC9B5}"
EndProject
Global
	GlobalSection(SolutionConfigurationPlatforms) = preSolution
		Debug|Any CPU = Debug|Any CPU
		Release|Any CPU = Release|Any CPU
	EndGlobalSection
	GlobalSection(ProjectConfigurationPlatforms) = postSolution
		{4E736AE3-B7BA-41E4-BD01-C5A0F9538412}.Debug|Any CPU.ActiveCfg = Debug|Any CPU
		{4E736AE3-B7BA-41E4-BD01-C5A0F9538412}.Debug|Any CPU.Build.0 = Debug|Any CPU
		{4E736AE3-B7BA-41E4-BD01-C5A0F9538412}.Release|Any CPU.ActiveCfg = Release|Any CPU
		{4E736AE3-B7BA-41E4-BD01-C5A0F9538412}.Release|Any CPU.Build.0 = Release|Any CPU
		{D9D45621-8579-44BF-BD58-E1F1DB0CBC0D}.Debug|Any CPU.ActiveCfg = Debug|Any CPU
		{D9D45621-8579-44BF-BD58-E1F1DB0CBC0D}.Debug|Any CPU.Build.0 = Debug|Any CPU
		{D9D45621-8579-44BF-BD58-E1F1DB0CBC0D}.Release|Any CPU.ActiveCfg = Release|Any CPU
		{D9D45621-8579-44BF-BD58-E1F1DB0CBC0D}.Release|Any CPU.Build.0 = Release|Any CPU
		{103F6697-B188-4806-95B1-D26B7014D6DC}.Debug|Any CPU.ActiveCfg = Debug|Any CPU
		{103F6697-B188-4806-95B1-D26B7014D6DC}.Debug|Any CPU.Build.0 = Debug|Any CPU
		{103F6697-B188-4806-95B1-D26B7014D6DC}.Release|Any CPU.ActiveCfg = Release|Any CPU
		{103F6697-B188-4806-95B1-D26B7014D6DC}.Release|Any CPU.Build.0 = Release|Any CPU
		{9FAF6399-9D06-49AF-9037-0DFEE31E08E4}.Debug|Any CPU.ActiveCfg = Debug|Any CPU
		{9FAF6399-9D06-49AF-9037-0DFEE31E08E4}.Debug|Any CPU.Build.0 = Debug|Any CPU
		{9FAF6399-9D06-49AF-9037-0DFEE31E08E4}.Release|Any CPU.ActiveCfg = Release|Any CPU
		{9FAF6399-9D06-49AF-9037-0DFEE31E08E4}.Release|Any CPU.Build.0 = Release|Any CPU
		{49E1B1A7-D520-40E8-8E96-6C3A8B1EB5F1}.Debug|Any CPU.ActiveCfg = Debug|Any CPU
		{49E1B1A7-D520-40E8-8E96-6C3A8B1EB5F1}.Debug|Any CPU.Build.0 = Debug|Any CPU
		{49E1B1A7-D520-40E8-8E96-6C3A8B1EB5F1}.Release|Any CPU.ActiveCfg = Release|Any CPU
		{49E1B1A7-D520-40E8-8E96-6C3A8B1EB5F1}.Release|Any CPU.Build.0 = Release|Any CPU
		{8D0BDF98-04C5-4A08-ABEF-7A88CFC9159C}.Debug|Any CPU.ActiveCfg = Debug|Any CPU
		{8D0BDF98-04C5-4A08-ABEF-7A88CFC9159C}.Debug|Any CPU.Build.0 = Debug|Any CPU
		{8D0BDF98-04C5-4A08-ABEF-7A88CFC9159C}.Release|Any CPU.ActiveCfg = Release|Any CPU
		{8D0BDF98-04C5-4A08-ABEF-7A88CFC9159C}.Release|Any CPU.Build.0 = Release|Any CPU
		{67FCBB13-8F75-4F52-9D16-7EBC1A8FC9B5}.Debug|Any CPU.ActiveCfg = Debug|Any CPU
		{67FCBB13-8F75-4F52-9D16-7EBC1A8FC9B5}.Debug|Any CPU.Build.0 = Debug|Any CPU
		{67FCBB13-8F75-4F52-9D16-7EBC1A8FC9B5}.Release|Any CPU.ActiveCfg = Release|Any CPU
		{67FCBB13-8F75-4F52-9D16-7EBC1A8FC9B5}.Release|Any CPU.Build.0 = Release|Any CPU
	EndGlobalSection
EndGlobal
