
Microsoft Visual Studio Solution File, Format Version 12.00
Project("{FAE04EC0-301F-11D3-BF4B-00C04F79EFBC}") = "ROLAP", "ROLAP\ROLAP.csproj", "{4E736AE3-B7BA-41E4-BD01-C5A0F9538412}"
EndProject
Project("{FAE04EC0-301F-11D3-BF4B-00C04F79EFBC}") = "ROLAP.Configuration.Models", "ROLAP.Configuration.Models\ROLAP.Configuration.Models.csproj", "{B0B2BCC6-3248-4601-A68B-D29F7FAF6F5C}"
EndProject
Project("{FAE04EC0-301F-11D3-BF4B-00C04F79EFBC}") = "ROLAP.Common", "ROLAP.Common\ROLAP.Common.csproj", "{1ACCDF79-3DD7-4E84-A1EB-3C2A581B233B}"
EndProject
Project("{FAE04EC0-301F-11D3-BF4B-00C04F79EFBC}") = "ROLAP.Configuration.Tests", "ROLAP.Configuration.Tests\ROLAP.Configuration.Tests.csproj", "{A1015CE7-5F91-444D-978C-A0DFB33F50AD}"
EndProject
Project("{FAE04EC0-301F-11D3-BF4B-00C04F79EFBC}") = "ROLAP.Parser", "ROLAP.Parser\ROLAP.Parser.csproj", "{8438BAAB-43C4-4611-AE59-6337C3CDA495}"
EndProject
Project("{FAE04EC0-301F-11D3-BF4B-00C04F79EFBC}") = "ROLAP.Configuration.Loaders", "ROLAP.Configuration.Loaders\ROLAP.Configuration.Loaders.csproj", "{E26CAB8C-6BC3-4910-8BD5-7632EBF934BD}"
EndProject
Project("{FAE04EC0-301F-11D3-BF4B-00C04F79EFBC}") = "ROLAP.Processor", "ROLAP.Processor\ROLAP.Processor.csproj", "{D9D45621-8579-44BF-BD58-E1F1DB0CBC0D}"
EndProject
Global
	GlobalSection(SolutionConfigurationPlatforms) = preSolution
		Debug|Any CPU = Debug|Any CPU
		Release|Any CPU = Release|Any CPU
	EndGlobalSection
	GlobalSection(ProjectConfigurationPlatforms) = postSolution
		{4E736AE3-B7BA-41E4-BD01-C5A0F9538412}.Debug|Any CPU.ActiveCfg = Debug|Any CPU
		{4E736AE3-B7BA-41E4-BD01-C5A0F9538412}.Debug|Any CPU.Build.0 = Debug|Any CPU
		{4E736AE3-B7BA-41E4-BD01-C5A0F9538412}.Release|Any CPU.ActiveCfg = Release|Any CPU
		{4E736AE3-B7BA-41E4-BD01-C5A0F9538412}.Release|Any CPU.Build.0 = Release|Any CPU
		{B0B2BCC6-3248-4601-A68B-D29F7FAF6F5C}.Debug|Any CPU.ActiveCfg = Debug|Any CPU
		{B0B2BCC6-3248-4601-A68B-D29F7FAF6F5C}.Debug|Any CPU.Build.0 = Debug|Any CPU
		{B0B2BCC6-3248-4601-A68B-D29F7FAF6F5C}.Release|Any CPU.ActiveCfg = Release|Any CPU
		{B0B2BCC6-3248-4601-A68B-D29F7FAF6F5C}.Release|Any CPU.Build.0 = Release|Any CPU
		{1ACCDF79-3DD7-4E84-A1EB-3C2A581B233B}.Debug|Any CPU.ActiveCfg = Debug|Any CPU
		{1ACCDF79-3DD7-4E84-A1EB-3C2A581B233B}.Debug|Any CPU.Build.0 = Debug|Any CPU
		{1ACCDF79-3DD7-4E84-A1EB-3C2A581B233B}.Release|Any CPU.ActiveCfg = Release|Any CPU
		{1ACCDF79-3DD7-4E84-A1EB-3C2A581B233B}.Release|Any CPU.Build.0 = Release|Any CPU
		{A1015CE7-5F91-444D-978C-A0DFB33F50AD}.Debug|Any CPU.ActiveCfg = Debug|Any CPU
		{A1015CE7-5F91-444D-978C-A0DFB33F50AD}.Debug|Any CPU.Build.0 = Debug|Any CPU
		{A1015CE7-5F91-444D-978C-A0DFB33F50AD}.Release|Any CPU.ActiveCfg = Release|Any CPU
		{A1015CE7-5F91-444D-978C-A0DFB33F50AD}.Release|Any CPU.Build.0 = Release|Any CPU
		{8438BAAB-43C4-4611-AE59-6337C3CDA495}.Debug|Any CPU.ActiveCfg = Debug|Any CPU
		{8438BAAB-43C4-4611-AE59-6337C3CDA495}.Debug|Any CPU.Build.0 = Debug|Any CPU
		{8438BAAB-43C4-4611-AE59-6337C3CDA495}.Release|Any CPU.ActiveCfg = Release|Any CPU
		{8438BAAB-43C4-4611-AE59-6337C3CDA495}.Release|Any CPU.Build.0 = Release|Any CPU
		{E26CAB8C-6BC3-4910-8BD5-7632EBF934BD}.Debug|Any CPU.ActiveCfg = Debug|Any CPU
		{E26CAB8C-6BC3-4910-8BD5-7632EBF934BD}.Debug|Any CPU.Build.0 = Debug|Any CPU
		{E26CAB8C-6BC3-4910-8BD5-7632EBF934BD}.Release|Any CPU.ActiveCfg = Release|Any CPU
		{E26CAB8C-6BC3-4910-8BD5-7632EBF934BD}.Release|Any CPU.Build.0 = Release|Any CPU
		{D9D45621-8579-44BF-BD58-E1F1DB0CBC0D}.Debug|Any CPU.ActiveCfg = Debug|Any CPU
		{D9D45621-8579-44BF-BD58-E1F1DB0CBC0D}.Debug|Any CPU.Build.0 = Debug|Any CPU
		{D9D45621-8579-44BF-BD58-E1F1DB0CBC0D}.Release|Any CPU.ActiveCfg = Release|Any CPU
		{D9D45621-8579-44BF-BD58-E1F1DB0CBC0D}.Release|Any CPU.Build.0 = Release|Any CPU
	EndGlobalSection
EndGlobal
